
Microsoft Visual Studio Solution File, Format Version 12.00
# Visual Studio Version 17
VisualStudioVersion = 17.5.002.0
MinimumVisualStudioVersion = 10.0.40219.1
Project("{9A19103F-16F7-4668-BE54-9A1E7A4F7556}") = "tamrin2", "tamrin2.csproj", "{21ABEF2B-3E77-476F-9CF0-F3F35632859C}"
EndProject
Global
	GlobalSection(SolutionConfigurationPlatforms) = preSolution
		Debug|Any CPU = Debug|Any CPU
		Release|Any CPU = Release|Any CPU
	EndGlobalSection
	GlobalSection(ProjectConfigurationPlatforms) = postSolution
		{21ABEF2B-3E77-476F-9CF0-F3F35632859C}.Debug|Any CPU.ActiveCfg = Debug|Any CPU
		{21ABEF2B-3E77-476F-9CF0-F3F35632859C}.Debug|Any CPU.Build.0 = Debug|Any CPU
		{21ABEF2B-3E77-476F-9CF0-F3F35632859C}.Release|Any CPU.ActiveCfg = Release|Any CPU
		{21ABEF2B-3E77-476F-9CF0-F3F35632859C}.Release|Any CPU.Build.0 = Release|Any CPU
	EndGlobalSection
	GlobalSection(SolutionProperties) = preSolution
		HideSolutionNode = FALSE
	EndGlobalSection
	GlobalSection(ExtensibilityGlobals) = postSolution
		SolutionGuid = {7C91DD09-8F6E-4AA8-8F01-6F5E035B9A25}
	EndGlobalSection
EndGlobal
